{
  "originHash" : "0d289459c214ddbb2327b782c5e395cdfec3a65220963644f6dd13ee8d42eb0e",
  "pins" : [
    {
      "identity" : "fingerprintjs-pro-ios",
      "kind" : "remoteSourceControl",
      "location" : "https://github.com/fingerprintjs/fingerprintjs-pro-ios",
      "state" : {
        "revision" : "51df49f935af022ceafbee34855500a37e0f35d3",
        "version" : "2.7.0"
      }
    }
  ],
  "version" : 3
}
